// !$*UTF8*$!
{
	archiveVersion = 1;
	classes = {
	};
	objectVersion = 48;
	objects = {

/* Begin PBXBuildFile section */
		3283B9E3337AC026ABFDE6A6 /* Pods_breakpoint.framework in Frameworks */ = {isa = PBXBuildFile; fileRef = A0AF7C27C5EB66AD637C9A54 /* Pods_breakpoint.framework */; };
		CE149BFF1FD9D58800538446 /* FeedCell.swift in Sources */ = {isa = PBXBuildFile; fileRef = CE149BFE1FD9D58800538446 /* FeedCell.swift */; };
		CE149C011FD9DCD500538446 /* Message.swift in Sources */ = {isa = PBXBuildFile; fileRef = CE149C001FD9DCD500538446 /* Message.swift */; };
		CE311DC81FD8937700B40E01 /* MeVC.swift in Sources */ = {isa = PBXBuildFile; fileRef = CE311DC71FD8937700B40E01 /* MeVC.swift */; };
		CE311DCA1FD8974F00B40E01 /* CreatePostVC.swift in Sources */ = {isa = PBXBuildFile; fileRef = CE311DC91FD8974F00B40E01 /* CreatePostVC.swift */; };
		CE311DCC1FD89D1900B40E01 /* UIViewExt.swift in Sources */ = {isa = PBXBuildFile; fileRef = CE311DCB1FD89D1900B40E01 /* UIViewExt.swift */; };
		CE885A891FDACECA001C2C2E /* CreateGroupVC.swift in Sources */ = {isa = PBXBuildFile; fileRef = CE885A881FDACECA001C2C2E /* CreateGroupVC.swift */; };
		CE885A8B1FDADF4C001C2C2E /* UserCell.swift in Sources */ = {isa = PBXBuildFile; fileRef = CE885A8A1FDADF4C001C2C2E /* UserCell.swift */; };
		CE885A8D1FDF20A9001C2C2E /* GroupCell.swift in Sources */ = {isa = PBXBuildFile; fileRef = CE885A8C1FDF20A9001C2C2E /* GroupCell.swift */; };
		CEA0CCB01FD453FA00891D19 /* DataService.swift in Sources */ = {isa = PBXBuildFile; fileRef = CEA0CCAF1FD453FA00891D19 /* DataService.swift */; };
		CEA0CCB21FD482E400891D19 /* AuthVC.swift in Sources */ = {isa = PBXBuildFile; fileRef = CEA0CCB11FD482E400891D19 /* AuthVC.swift */; };
		CEA0CCB41FD4831B00891D19 /* LoginVC.swift in Sources */ = {isa = PBXBuildFile; fileRef = CEA0CCB31FD4831B00891D19 /* LoginVC.swift */; };
		CEA0CCB61FD4849C00891D19 /* InsetTextField.swift in Sources */ = {isa = PBXBuildFile; fileRef = CEA0CCB51FD4849C00891D19 /* InsetTextField.swift */; };
		CEA0CCB81FD72EA200891D19 /* ShadowView.swift in Sources */ = {isa = PBXBuildFile; fileRef = CEA0CCB71FD72EA200891D19 /* ShadowView.swift */; };
		CEA0CCBA1FD730DC00891D19 /* AuthService.swift in Sources */ = {isa = PBXBuildFile; fileRef = CEA0CCB91FD730DC00891D19 /* AuthService.swift */; };
		CEF0AFE31FD44C3E00FA2C0E /* AppDelegate.swift in Sources */ = {isa = PBXBuildFile; fileRef = CEF0AFE21FD44C3E00FA2C0E /* AppDelegate.swift */; };
		CEF0AFE51FD44C3E00FA2C0E /* FeedsVC.swift in Sources */ = {isa = PBXBuildFile; fileRef = CEF0AFE41FD44C3E00FA2C0E /* FeedsVC.swift */; };
		CEF0AFE71FD44C3E00FA2C0E /* GroupsVC.swift in Sources */ = {isa = PBXBuildFile; fileRef = CEF0AFE61FD44C3E00FA2C0E /* GroupsVC.swift */; };
		CEF0AFEA1FD44C3E00FA2C0E /* Main.storyboard in Resources */ = {isa = PBXBuildFile; fileRef = CEF0AFE81FD44C3E00FA2C0E /* Main.storyboard */; };
		CEF0AFEC1FD44C3E00FA2C0E /* Assets.xcassets in Resources */ = {isa = PBXBuildFile; fileRef = CEF0AFEB1FD44C3E00FA2C0E /* Assets.xcassets */; };
		CEF0AFEF1FD44C3E00FA2C0E /* LaunchScreen.storyboard in Resources */ = {isa = PBXBuildFile; fileRef = CEF0AFED1FD44C3E00FA2C0E /* LaunchScreen.storyboard */; };
		CEF0AFFC1FD4502400FA2C0E /* GoogleService-Info.plist in Resources */ = {isa = PBXBuildFile; fileRef = CEF0AFFB1FD4502400FA2C0E /* GoogleService-Info.plist */; };
/* End PBXBuildFile section */

/* Begin PBXFileReference section */
		0395C8F7FF554B427EF0941E /* Pods-breakpoint.release.xcconfig */ = {isa = PBXFileReference; includeInIndex = 1; lastKnownFileType = text.xcconfig; name = "Pods-breakpoint.release.xcconfig"; path = "Pods/Target Support Files/Pods-breakpoint/Pods-breakpoint.release.xcconfig"; sourceTree = "<group>"; };
		4CD651D2E3AC334A65EE8D2A /* Pods-breakpoint.debug.xcconfig */ = {isa = PBXFileReference; includeInIndex = 1; lastKnownFileType = text.xcconfig; name = "Pods-breakpoint.debug.xcconfig"; path = "Pods/Target Support Files/Pods-breakpoint/Pods-breakpoint.debug.xcconfig"; sourceTree = "<group>"; };
		A0AF7C27C5EB66AD637C9A54 /* Pods_breakpoint.framework */ = {isa = PBXFileReference; explicitFileType = wrapper.framework; includeInIndex = 0; path = Pods_breakpoint.framework; sourceTree = BUILT_PRODUCTS_DIR; };
		CE149BFE1FD9D58800538446 /* FeedCell.swift */ = {isa = PBXFileReference; lastKnownFileType = sourcecode.swift; path = FeedCell.swift; sourceTree = "<group>"; };
		CE149C001FD9DCD500538446 /* Message.swift */ = {isa = PBXFileReference; lastKnownFileType = sourcecode.swift; path = Message.swift; sourceTree = "<group>"; };
		CE311DC71FD8937700B40E01 /* MeVC.swift */ = {isa = PBXFileReference; lastKnownFileType = sourcecode.swift; path = MeVC.swift; sourceTree = "<group>"; };
		CE311DC91FD8974F00B40E01 /* CreatePostVC.swift */ = {isa = PBXFileReference; lastKnownFileType = sourcecode.swift; path = CreatePostVC.swift; sourceTree = "<group>"; };
		CE311DCB1FD89D1900B40E01 /* UIViewExt.swift */ = {isa = PBXFileReference; lastKnownFileType = sourcecode.swift; name = UIViewExt.swift; path = breakpoint/Extensions/UIViewExt.swift; sourceTree = SOURCE_ROOT; };
		CE885A881FDACECA001C2C2E /* CreateGroupVC.swift */ = {isa = PBXFileReference; lastKnownFileType = sourcecode.swift; path = CreateGroupVC.swift; sourceTree = "<group>"; };
		CE885A8A1FDADF4C001C2C2E /* UserCell.swift */ = {isa = PBXFileReference; lastKnownFileType = sourcecode.swift; path = UserCell.swift; sourceTree = "<group>"; };
		CE885A8C1FDF20A9001C2C2E /* GroupCell.swift */ = {isa = PBXFileReference; lastKnownFileType = sourcecode.swift; path = GroupCell.swift; sourceTree = "<group>"; };
		CEA0CCAF1FD453FA00891D19 /* DataService.swift */ = {isa = PBXFileReference; lastKnownFileType = sourcecode.swift; path = DataService.swift; sourceTree = "<group>"; };
		CEA0CCB11FD482E400891D19 /* AuthVC.swift */ = {isa = PBXFileReference; lastKnownFileType = sourcecode.swift; path = AuthVC.swift; sourceTree = "<group>"; };
		CEA0CCB31FD4831B00891D19 /* LoginVC.swift */ = {isa = PBXFileReference; lastKnownFileType = sourcecode.swift; path = LoginVC.swift; sourceTree = "<group>"; };
		CEA0CCB51FD4849C00891D19 /* InsetTextField.swift */ = {isa = PBXFileReference; lastKnownFileType = sourcecode.swift; path = InsetTextField.swift; sourceTree = "<group>"; };
		CEA0CCB71FD72EA200891D19 /* ShadowView.swift */ = {isa = PBXFileReference; lastKnownFileType = sourcecode.swift; path = ShadowView.swift; sourceTree = "<group>"; };
		CEA0CCB91FD730DC00891D19 /* AuthService.swift */ = {isa = PBXFileReference; lastKnownFileType = sourcecode.swift; path = AuthService.swift; sourceTree = "<group>"; };
		CEF0AFDF1FD44C3E00FA2C0E /* breakpoint.app */ = {isa = PBXFileReference; explicitFileType = wrapper.application; includeInIndex = 0; path = breakpoint.app; sourceTree = BUILT_PRODUCTS_DIR; };
		CEF0AFE21FD44C3E00FA2C0E /* AppDelegate.swift */ = {isa = PBXFileReference; lastKnownFileType = sourcecode.swift; path = AppDelegate.swift; sourceTree = "<group>"; };
		CEF0AFE41FD44C3E00FA2C0E /* FeedsVC.swift */ = {isa = PBXFileReference; lastKnownFileType = sourcecode.swift; path = FeedsVC.swift; sourceTree = "<group>"; };
		CEF0AFE61FD44C3E00FA2C0E /* GroupsVC.swift */ = {isa = PBXFileReference; lastKnownFileType = sourcecode.swift; path = GroupsVC.swift; sourceTree = "<group>"; };
		CEF0AFE91FD44C3E00FA2C0E /* Base */ = {isa = PBXFileReference; lastKnownFileType = file.storyboard; name = Base; path = Base.lproj/Main.storyboard; sourceTree = "<group>"; };
		CEF0AFEB1FD44C3E00FA2C0E /* Assets.xcassets */ = {isa = PBXFileReference; lastKnownFileType = folder.assetcatalog; path = Assets.xcassets; sourceTree = "<group>"; };
		CEF0AFEE1FD44C3E00FA2C0E /* Base */ = {isa = PBXFileReference; lastKnownFileType = file.storyboard; name = Base; path = Base.lproj/LaunchScreen.storyboard; sourceTree = "<group>"; };
		CEF0AFF01FD44C3E00FA2C0E /* Info.plist */ = {isa = PBXFileReference; lastKnownFileType = text.plist.xml; path = Info.plist; sourceTree = "<group>"; };
		CEF0AFFB1FD4502400FA2C0E /* GoogleService-Info.plist */ = {isa = PBXFileReference; fileEncoding = 4; lastKnownFileType = text.plist.xml; path = "GoogleService-Info.plist"; sourceTree = "<group>"; };
/* End PBXFileReference section */

/* Begin PBXFrameworksBuildPhase section */
		CEF0AFDC1FD44C3E00FA2C0E /* Frameworks */ = {
			isa = PBXFrameworksBuildPhase;
			buildActionMask = 2147483647;
			files = (
				3283B9E3337AC026ABFDE6A6 /* Pods_breakpoint.framework in Frameworks */,
			);
			runOnlyForDeploymentPostprocessing = 0;
		};
/* End PBXFrameworksBuildPhase section */

/* Begin PBXGroup section */
		C32893FD3066722C62DBD954 /* Frameworks */ = {
			isa = PBXGroup;
			children = (
				A0AF7C27C5EB66AD637C9A54 /* Pods_breakpoint.framework */,
			);
			name = Frameworks;
			sourceTree = "<group>";
		};
		CB42643AE5688D580F448282 /* Pods */ = {
			isa = PBXGroup;
			children = (
				4CD651D2E3AC334A65EE8D2A /* Pods-breakpoint.debug.xcconfig */,
				0395C8F7FF554B427EF0941E /* Pods-breakpoint.release.xcconfig */,
			);
			name = Pods;
			sourceTree = "<group>";
		};
		CEF0AFD61FD44C3E00FA2C0E = {
			isa = PBXGroup;
			children = (
				CEF0AFE11FD44C3E00FA2C0E /* breakpoint */,
				CEF0AFE01FD44C3E00FA2C0E /* Products */,
				CB42643AE5688D580F448282 /* Pods */,
				C32893FD3066722C62DBD954 /* Frameworks */,
			);
			sourceTree = "<group>";
		};
		CEF0AFE01FD44C3E00FA2C0E /* Products */ = {
			isa = PBXGroup;
			children = (
				CEF0AFDF1FD44C3E00FA2C0E /* breakpoint.app */,
			);
			name = Products;
			sourceTree = "<group>";
		};
		CEF0AFE11FD44C3E00FA2C0E /* breakpoint */ = {
			isa = PBXGroup;
			children = (
				CEF0AFFA1FD44CF300FA2C0E /* Services */,
				CEF0AFF91FD44CAC00FA2C0E /* Extensions */,
				CEF0AFF81FD44CA300FA2C0E /* Model */,
				CEF0AFF71FD44C9D00FA2C0E /* View */,
				CEF0AFF61FD44C8900FA2C0E /* Controller */,
				CEF0AFE21FD44C3E00FA2C0E /* AppDelegate.swift */,
				CEF0AFE81FD44C3E00FA2C0E /* Main.storyboard */,
				CEF0AFEB1FD44C3E00FA2C0E /* Assets.xcassets */,
				CEF0AFED1FD44C3E00FA2C0E /* LaunchScreen.storyboard */,
				CEF0AFF01FD44C3E00FA2C0E /* Info.plist */,
				CEF0AFFB1FD4502400FA2C0E /* GoogleService-Info.plist */,
			);
			path = breakpoint;
			sourceTree = "<group>";
		};
		CEF0AFF61FD44C8900FA2C0E /* Controller */ = {
			isa = PBXGroup;
			children = (
				CEF0AFE41FD44C3E00FA2C0E /* FeedsVC.swift */,
				CEF0AFE61FD44C3E00FA2C0E /* GroupsVC.swift */,
				CEA0CCB11FD482E400891D19 /* AuthVC.swift */,
				CEA0CCB31FD4831B00891D19 /* LoginVC.swift */,
				CE311DC71FD8937700B40E01 /* MeVC.swift */,
				CE311DC91FD8974F00B40E01 /* CreatePostVC.swift */,
				CE885A881FDACECA001C2C2E /* CreateGroupVC.swift */,
			);
			path = Controller;
			sourceTree = "<group>";
		};
		CEF0AFF71FD44C9D00FA2C0E /* View */ = {
			isa = PBXGroup;
			children = (
				CEA0CCB51FD4849C00891D19 /* InsetTextField.swift */,
				CEA0CCB71FD72EA200891D19 /* ShadowView.swift */,
				CE149BFE1FD9D58800538446 /* FeedCell.swift */,
				CE885A8A1FDADF4C001C2C2E /* UserCell.swift */,
				CE885A8C1FDF20A9001C2C2E /* GroupCell.swift */,
			);
			path = View;
			sourceTree = "<group>";
		};
		CEF0AFF81FD44CA300FA2C0E /* Model */ = {
			isa = PBXGroup;
			children = (
				CE149C001FD9DCD500538446 /* Message.swift */,
			);
			path = Model;
			sourceTree = "<group>";
		};
		CEF0AFF91FD44CAC00FA2C0E /* Extensions */ = {
			isa = PBXGroup;
			children = (
				CE311DCB1FD89D1900B40E01 /* UIViewExt.swift */,
			);
			path = Extensions;
			sourceTree = "<group>";
		};
		CEF0AFFA1FD44CF300FA2C0E /* Services */ = {
			isa = PBXGroup;
			children = (
				CEA0CCAF1FD453FA00891D19 /* DataService.swift */,
				CEA0CCB91FD730DC00891D19 /* AuthService.swift */,
			);
			path = Services;
			sourceTree = "<group>";
		};
/* End PBXGroup section */

/* Begin PBXNativeTarget section */
		CEF0AFDE1FD44C3E00FA2C0E /* breakpoint */ = {
			isa = PBXNativeTarget;
			buildConfigurationList = CEF0AFF31FD44C3E00FA2C0E /* Build configuration list for PBXNativeTarget "breakpoint" */;
			buildPhases = (
				6723BBE962D023D2E4783F2C /* [CP] Check Pods Manifest.lock */,
				CEF0AFDB1FD44C3E00FA2C0E /* Sources */,
				CEF0AFDC1FD44C3E00FA2C0E /* Frameworks */,
				CEF0AFDD1FD44C3E00FA2C0E /* Resources */,
				50212B1D498A309177E6091C /* [CP] Embed Pods Frameworks */,
				C8024C4C5F1E01E846367DCA /* [CP] Copy Pods Resources */,
			);
			buildRules = (
			);
			dependencies = (
			);
			name = breakpoint;
			productName = breakpoint;
			productReference = CEF0AFDF1FD44C3E00FA2C0E /* breakpoint.app */;
			productType = "com.apple.product-type.application";
		};
/* End PBXNativeTarget section */

/* Begin PBXProject section */
		CEF0AFD71FD44C3E00FA2C0E /* Project object */ = {
			isa = PBXProject;
			attributes = {
				LastSwiftUpdateCheck = 0910;
				LastUpgradeCheck = 0910;
				ORGANIZATIONNAME = Manosoft;
				TargetAttributes = {
					CEF0AFDE1FD44C3E00FA2C0E = {
						CreatedOnToolsVersion = 9.1;
						ProvisioningStyle = Automatic;
					};
				};
			};
			buildConfigurationList = CEF0AFDA1FD44C3E00FA2C0E /* Build configuration list for PBXProject "breakpoint" */;
			compatibilityVersion = "Xcode 8.0";
			developmentRegion = en;
			hasScannedForEncodings = 0;
			knownRegions = (
				en,
				Base,
			);
			mainGroup = CEF0AFD61FD44C3E00FA2C0E;
			productRefGroup = CEF0AFE01FD44C3E00FA2C0E /* Products */;
			projectDirPath = "";
			projectRoot = "";
			targets = (
				CEF0AFDE1FD44C3E00FA2C0E /* breakpoint */,
			);
		};
/* End PBXProject section */

/* Begin PBXResourcesBuildPhase section */
		CEF0AFDD1FD44C3E00FA2C0E /* Resources */ = {
			isa = PBXResourcesBuildPhase;
			buildActionMask = 2147483647;
			files = (
				CEF0AFEF1FD44C3E00FA2C0E /* LaunchScreen.storyboard in Resources */,
				CEF0AFFC1FD4502400FA2C0E /* GoogleService-Info.plist in Resources */,
				CEF0AFEC1FD44C3E00FA2C0E /* Assets.xcassets in Resources */,
				CEF0AFEA1FD44C3E00FA2C0E /* Main.storyboard in Resources */,
			);
			runOnlyForDeploymentPostprocessing = 0;
		};
/* End PBXResourcesBuildPhase section */

/* Begin PBXShellScriptBuildPhase section */
		50212B1D498A309177E6091C /* [CP] Embed Pods Frameworks */ = {
			isa = PBXShellScriptBuildPhase;
			buildActionMask = 2147483647;
			files = (
			);
			inputPaths = (
			);
			name = "[CP] Embed Pods Frameworks";
			outputPaths = (
			);
			runOnlyForDeploymentPostprocessing = 0;
			shellPath = /bin/sh;
			shellScript = "\"${SRCROOT}/Pods/Target Support Files/Pods-breakpoint/Pods-breakpoint-frameworks.sh\"\n";
			showEnvVarsInLog = 0;
		};
		6723BBE962D023D2E4783F2C /* [CP] Check Pods Manifest.lock */ = {
			isa = PBXShellScriptBuildPhase;
			buildActionMask = 2147483647;
			files = (
			);
			inputPaths = (
			);
			name = "[CP] Check Pods Manifest.lock";
			outputPaths = (
			);
			runOnlyForDeploymentPostprocessing = 0;
			shellPath = /bin/sh;
			shellScript = "diff \"${PODS_ROOT}/../Podfile.lock\" \"${PODS_ROOT}/Manifest.lock\" > /dev/null\nif [ $? != 0 ] ; then\n    # print error to STDERR\n    echo \"error: The sandbox is not in sync with the Podfile.lock. Run 'pod install' or update your CocoaPods installation.\" >&2\n    exit 1\nfi\n";
			showEnvVarsInLog = 0;
		};
		C8024C4C5F1E01E846367DCA /* [CP] Copy Pods Resources */ = {
			isa = PBXShellScriptBuildPhase;
			buildActionMask = 2147483647;
			files = (
			);
			inputPaths = (
			);
			name = "[CP] Copy Pods Resources";
			outputPaths = (
			);
			runOnlyForDeploymentPostprocessing = 0;
			shellPath = /bin/sh;
			shellScript = "\"${SRCROOT}/Pods/Target Support Files/Pods-breakpoint/Pods-breakpoint-resources.sh\"\n";
			showEnvVarsInLog = 0;
		};
/* End PBXShellScriptBuildPhase section */

/* Begin PBXSourcesBuildPhase section */
		CEF0AFDB1FD44C3E00FA2C0E /* Sources */ = {
			isa = PBXSourcesBuildPhase;
			buildActionMask = 2147483647;
			files = (
				CE311DCC1FD89D1900B40E01 /* UIViewExt.swift in Sources */,
				CE149BFF1FD9D58800538446 /* FeedCell.swift in Sources */,
				CE311DC81FD8937700B40E01 /* MeVC.swift in Sources */,
				CE885A8D1FDF20A9001C2C2E /* GroupCell.swift in Sources */,
				CEA0CCB21FD482E400891D19 /* AuthVC.swift in Sources */,
				CEF0AFE71FD44C3E00FA2C0E /* GroupsVC.swift in Sources */,
				CEA0CCB41FD4831B00891D19 /* LoginVC.swift in Sources */,
				CEA0CCBA1FD730DC00891D19 /* AuthService.swift in Sources */,
				CEF0AFE31FD44C3E00FA2C0E /* AppDelegate.swift in Sources */,
				CE885A8B1FDADF4C001C2C2E /* UserCell.swift in Sources */,
				CE885A891FDACECA001C2C2E /* CreateGroupVC.swift in Sources */,
				CEA0CCB81FD72EA200891D19 /* ShadowView.swift in Sources */,
				CE311DCA1FD8974F00B40E01 /* CreatePostVC.swift in Sources */,
				CEF0AFE51FD44C3E00FA2C0E /* FeedsVC.swift in Sources */,
				CEA0CCB61FD4849C00891D19 /* InsetTextField.swift in Sources */,
				CEA0CCB01FD453FA00891D19 /* DataService.swift in Sources */,
				CE149C011FD9DCD500538446 /* Message.swift in Sources */,
			);
			runOnlyForDeploymentPostprocessing = 0;
		};
/* End PBXSourcesBuildPhase section */

/* Begin PBXVariantGroup section */
		CEF0AFE81FD44C3E00FA2C0E /* Main.storyboard */ = {
			isa = PBXVariantGroup;
			children = (
				CEF0AFE91FD44C3E00FA2C0E /* Base */,
			);
			name = Main.storyboard;
			sourceTree = "<group>";
		};
		CEF0AFED1FD44C3E00FA2C0E /* LaunchScreen.storyboard */ = {
			isa = PBXVariantGroup;
			children = (
				CEF0AFEE1FD44C3E00FA2C0E /* Base */,
			);
			name = LaunchScreen.storyboard;
			sourceTree = "<group>";
		};
/* End PBXVariantGroup section */

/* Begin XCBuildConfiguration section */
		CEF0AFF11FD44C3E00FA2C0E /* Debug */ = {
			isa = XCBuildConfiguration;
			buildSettings = {
				ALWAYS_SEARCH_USER_PATHS = NO;
				CLANG_ANALYZER_NONNULL = YES;
				CLANG_ANALYZER_NUMBER_OBJECT_CONVERSION = YES_AGGRESSIVE;
				CLANG_CXX_LANGUAGE_STANDARD = "gnu++14";
				CLANG_CXX_LIBRARY = "libc++";
				CLANG_ENABLE_MODULES = YES;
				CLANG_ENABLE_OBJC_ARC = YES;
				CLANG_WARN_BLOCK_CAPTURE_AUTORELEASING = YES;
				CLANG_WARN_BOOL_CONVERSION = YES;
				CLANG_WARN_COMMA = YES;
				CLANG_WARN_CONSTANT_CONVERSION = YES;
				CLANG_WARN_DIRECT_OBJC_ISA_USAGE = YES_ERROR;
				CLANG_WARN_DOCUMENTATION_COMMENTS = YES;
				CLANG_WARN_EMPTY_BODY = YES;
				CLANG_WARN_ENUM_CONVERSION = YES;
				CLANG_WARN_INFINITE_RECURSION = YES;
				CLANG_WARN_INT_CONVERSION = YES;
				CLANG_WARN_NON_LITERAL_NULL_CONVERSION = YES;
				CLANG_WARN_OBJC_LITERAL_CONVERSION = YES;
				CLANG_WARN_OBJC_ROOT_CLASS = YES_ERROR;
				CLANG_WARN_RANGE_LOOP_ANALYSIS = YES;
				CLANG_WARN_STRICT_PROTOTYPES = YES;
				CLANG_WARN_SUSPICIOUS_MOVE = YES;
				CLANG_WARN_UNGUARDED_AVAILABILITY = YES_AGGRESSIVE;
				CLANG_WARN_UNREACHABLE_CODE = YES;
				CLANG_WARN__DUPLICATE_METHOD_MATCH = YES;
				CODE_SIGN_IDENTITY = "iPhone Developer";
				COPY_PHASE_STRIP = NO;
				DEBUG_INFORMATION_FORMAT = dwarf;
				ENABLE_STRICT_OBJC_MSGSEND = YES;
				ENABLE_TESTABILITY = YES;
				GCC_C_LANGUAGE_STANDARD = gnu11;
				GCC_DYNAMIC_NO_PIC = NO;
				GCC_NO_COMMON_BLOCKS = YES;
				GCC_OPTIMIZATION_LEVEL = 0;
				GCC_PREPROCESSOR_DEFINITIONS = (
					"DEBUG=1",
					"$(inherited)",
				);
				GCC_WARN_64_TO_32_BIT_CONVERSION = YES;
				GCC_WARN_ABOUT_RETURN_TYPE = YES_ERROR;
				GCC_WARN_UNDECLARED_SELECTOR = YES;
				GCC_WARN_UNINITIALIZED_AUTOS = YES_AGGRESSIVE;
				GCC_WARN_UNUSED_FUNCTION = YES;
				GCC_WARN_UNUSED_VARIABLE = YES;
				IPHONEOS_DEPLOYMENT_TARGET = 11.1;
				MTL_ENABLE_DEBUG_INFO = YES;
				ONLY_ACTIVE_ARCH = YES;
				SDKROOT = iphoneos;
				SWIFT_ACTIVE_COMPILATION_CONDITIONS = DEBUG;
				SWIFT_OPTIMIZATION_LEVEL = "-Onone";
			};
			name = Debug;
		};
		CEF0AFF21FD44C3E00FA2C0E /* Release */ = {
			isa = XCBuildConfiguration;
			buildSettings = {
				ALWAYS_SEARCH_USER_PATHS = NO;
				CLANG_ANALYZER_NONNULL = YES;
				CLANG_ANALYZER_NUMBER_OBJECT_CONVERSION = YES_AGGRESSIVE;
				CLANG_CXX_LANGUAGE_STANDARD = "gnu++14";
				CLANG_CXX_LIBRARY = "libc++";
				CLANG_ENABLE_MODULES = YES;
				CLANG_ENABLE_OBJC_ARC = YES;
				CLANG_WARN_BLOCK_CAPTURE_AUTORELEASING = YES;
				CLANG_WARN_BOOL_CONVERSION = YES;
				CLANG_WARN_COMMA = YES;
				CLANG_WARN_CONSTANT_CONVERSION = YES;
				CLANG_WARN_DIRECT_OBJC_ISA_USAGE = YES_ERROR;
				CLANG_WARN_DOCUMENTATION_COMMENTS = YES;
				CLANG_WARN_EMPTY_BODY = YES;
				CLANG_WARN_ENUM_CONVERSION = YES;
				CLANG_WARN_INFINITE_RECURSION = YES;
				CLANG_WARN_INT_CONVERSION = YES;
				CLANG_WARN_NON_LITERAL_NULL_CONVERSION = YES;
				CLANG_WARN_OBJC_LITERAL_CONVERSION = YES;
				CLANG_WARN_OBJC_ROOT_CLASS = YES_ERROR;
				CLANG_WARN_RANGE_LOOP_ANALYSIS = YES;
				CLANG_WARN_STRICT_PROTOTYPES = YES;
				CLANG_WARN_SUSPICIOUS_MOVE = YES;
				CLANG_WARN_UNGUARDED_AVAILABILITY = YES_AGGRESSIVE;
				CLANG_WARN_UNREACHABLE_CODE = YES;
				CLANG_WARN__DUPLICATE_METHOD_MATCH = YES;
				CODE_SIGN_IDENTITY = "iPhone Developer";
				COPY_PHASE_STRIP = NO;
				DEBUG_INFORMATION_FORMAT = "dwarf-with-dsym";
				ENABLE_NS_ASSERTIONS = NO;
				ENABLE_STRICT_OBJC_MSGSEND = YES;
				GCC_C_LANGUAGE_STANDARD = gnu11;
				GCC_NO_COMMON_BLOCKS = YES;
				GCC_WARN_64_TO_32_BIT_CONVERSION = YES;
				GCC_WARN_ABOUT_RETURN_TYPE = YES_ERROR;
				GCC_WARN_UNDECLARED_SELECTOR = YES;
				GCC_WARN_UNINITIALIZED_AUTOS = YES_AGGRESSIVE;
				GCC_WARN_UNUSED_FUNCTION = YES;
				GCC_WARN_UNUSED_VARIABLE = YES;
				IPHONEOS_DEPLOYMENT_TARGET = 11.1;
				MTL_ENABLE_DEBUG_INFO = NO;
				SDKROOT = iphoneos;
				SWIFT_OPTIMIZATION_LEVEL = "-Owholemodule";
				VALIDATE_PRODUCT = YES;
			};
			name = Release;
		};
		CEF0AFF41FD44C3E00FA2C0E /* Debug */ = {
			isa = XCBuildConfiguration;
			baseConfigurationReference = 4CD651D2E3AC334A65EE8D2A /* Pods-breakpoint.debug.xcconfig */;
			buildSettings = {
				ASSETCATALOG_COMPILER_APPICON_NAME = AppIcon;
				CODE_SIGN_STYLE = Automatic;
				INFOPLIST_FILE = breakpoint/Info.plist;
				LD_RUNPATH_SEARCH_PATHS = "$(inherited) @executable_path/Frameworks";
				PRODUCT_BUNDLE_IDENTIFIER = co.uk.manosoft.breakpoint;
				PRODUCT_NAME = "$(TARGET_NAME)";
				SWIFT_VERSION = 4.0;
				TARGETED_DEVICE_FAMILY = "1,2";
			};
			name = Debug;
		};
		CEF0AFF51FD44C3E00FA2C0E /* Release */ = {
			isa = XCBuildConfiguration;
			baseConfigurationReference = 0395C8F7FF554B427EF0941E /* Pods-breakpoint.release.xcconfig */;
			buildSettings = {
				ASSETCATALOG_COMPILER_APPICON_NAME = AppIcon;
				CODE_SIGN_STYLE = Automatic;
				INFOPLIST_FILE = breakpoint/Info.plist;
				LD_RUNPATH_SEARCH_PATHS = "$(inherited) @executable_path/Frameworks";
				PRODUCT_BUNDLE_IDENTIFIER = co.uk.manosoft.breakpoint;
				PRODUCT_NAME = "$(TARGET_NAME)";
				SWIFT_VERSION = 4.0;
				TARGETED_DEVICE_FAMILY = "1,2";
			};
			name = Release;
		};
/* End XCBuildConfiguration section */

/* Begin XCConfigurationList section */
		CEF0AFDA1FD44C3E00FA2C0E /* Build configuration list for PBXProject "breakpoint" */ = {
			isa = XCConfigurationList;
			buildConfigurations = (
				CEF0AFF11FD44C3E00FA2C0E /* Debug */,
				CEF0AFF21FD44C3E00FA2C0E /* Release */,
			);
			defaultConfigurationIsVisible = 0;
			defaultConfigurationName = Release;
		};
		CEF0AFF31FD44C3E00FA2C0E /* Build configuration list for PBXNativeTarget "breakpoint" */ = {
			isa = XCConfigurationList;
			buildConfigurations = (
				CEF0AFF41FD44C3E00FA2C0E /* Debug */,
				CEF0AFF51FD44C3E00FA2C0E /* Release */,
			);
			defaultConfigurationIsVisible = 0;
			defaultConfigurationName = Release;
		};
/* End XCConfigurationList section */
	};
	rootObject = CEF0AFD71FD44C3E00FA2C0E /* Project object */;
}
